
Microsoft Visual Studio Solution File, Format Version 12.00
# Visual Studio Version 17
VisualStudioVersion = 17.14.36518.9 d17.14
MinimumVisualStudioVersion = 10.0.40219.1
Project("{FAE04EC0-301F-11D3-BF4B-00C04F79EFBC}") = "mvc2025RoutingAssignment", "mvc2025RoutingAssignment\mvc2025RoutingAssignment.csproj", "{7E5C012D-2918-4C90-85FA-704C74AE0A01}"
EndProject
Global
	GlobalSection(SolutionConfigurationPlatforms) = preSolution
		Debug|Any CPU = Debug|Any CPU
		Release|Any CPU = Release|Any CPU
	EndGlobalSection
	GlobalSection(ProjectConfigurationPlatforms) = postSolution
		{7E5C012D-2918-4C90-85FA-704C74AE0A01}.Debug|Any CPU.ActiveCfg = Debug|Any CPU
		{7E5C012D-2918-4C90-85FA-704C74AE0A01}.Debug|Any CPU.Build.0 = Debug|Any CPU
		{7E5C012D-2918-4C90-85FA-704C74AE0A01}.Release|Any CPU.ActiveCfg = Release|Any CPU
		{7E5C012D-2918-4C90-85FA-704C74AE0A01}.Release|Any CPU.Build.0 = Release|Any CPU
	EndGlobalSection
	GlobalSection(SolutionProperties) = preSolution
		HideSolutionNode = FALSE
	EndGlobalSection
	GlobalSection(ExtensibilityGlobals) = postSolution
		SolutionGuid = {1BB64FD4-D1F1-4990-BBF5-322819776AC4}
	EndGlobalSection
EndGlobal
